
Microsoft Visual Studio Solution File, Format Version 12.00
# Visual Studio Version 17
VisualStudioVersion = 17.8.34525.116
MinimumVisualStudioVersion = 10.0.40219.1
Project("{9A19103F-16F7-4668-BE54-9A1E7A4F7556}") = "HL7SoupDatabaseActivities", "HL7SoupDatabaseActivities\HL7SoupDatabaseActivities.csproj", "{6E6B1589-2A81-4332-AA2B-250FC32C66EA}"
EndProject
Project("{9A19103F-16F7-4668-BE54-9A1E7A4F7556}") = "ValidateTransformer", "ValidateTransformer\ValidateTransformer.csproj", "{9B4222AE-2895-45B0-88CE-2299BF2ABF79}"
EndProject
Project("{9A19103F-16F7-4668-BE54-9A1E7A4F7556}") = "HtmlToPdfActivities", "HtmlToPdfActivities\HtmlToPdfActivities.csproj", "{0F8088CF-70A2-4D7E-B442-B4135E8633A6}"
EndProject
Project("{9A19103F-16F7-4668-BE54-9A1E7A4F7556}") = "HL7SoupIntegrations", "..\HL7Soup\HL7Parser\HL7SoupIntegrations\HL7SoupIntegrations.csproj", "{6F70DE07-CDAA-43E8-9525-DB90CEC372D4}"
EndProject
Project("{FAE04EC0-301F-11D3-BF4B-00C04F79EFBC}") = "HtmlToPdfActivities.TestHost", "HtmlToPdfActivities.TestHost\HtmlToPdfActivities.TestHost.csproj", "{CBB17AA0-C567-4216-8C07-A5FADAAD60D7}"
EndProject
Project("{FAE04EC0-301F-11D3-BF4B-00C04F79EFBC}") = "HtmlToPdfActivities.Renderer", "HtmlToPdfActivities.Renderer\HtmlToPdfActivities.Renderer.csproj", "{A9082E82-6C84-41A1-9B77-E73E3FD0AC56}"
EndProject
Project("{B7DD6F7E-DEF8-4E67-B5B7-07EF123DB6F0}") = "Setup.HtmlToPdfActivities", "Setup.HtmlToPdfActivities\Setup.HtmlToPdfActivities.wixproj", "{F7AA3481-8A05-4A7A-BE6C-3D67DF95E6F2}"
EndProject
Project("{930C7802-8A8C-48F9-8165-68863BCCD9DD}") = "Setup.ValidateHl7Transformer", "Setup.ValidateHl7Transformer\Setup.ValidateHl7Transformer.wixproj", "{368D1523-DF37-4DCF-B1F1-3075BA794850}"
EndProject
Project("{930C7802-8A8C-48F9-8165-68863BCCD9DD}") = "Setup.AzureActivities", "Setup.AzureActivities\Setup.AzureActivities.wixproj", "{65EFA6BB-BCE7-4A97-A058-D3728241A5D7}"
EndProject
Project("{930C7802-8A8C-48F9-8165-68863BCCD9DD}") = "Setup.AwsActivities", "Setup.AwsActivities\Setup.AwsActivities.wixproj", "{80359039-54A5-4619-8835-044EBC22173E}"
EndProject
Project("{2150E333-8FDC-42A3-9474-1A3956D46DE8}") = "HL7SoupEncryptionActivities", "HL7SoupEncryptionActivities", "{55FAA7EB-ADFE-6087-9533-37271134C02C}"
EndProject
Project("{FAE04EC0-301F-11D3-BF4B-00C04F79EFBC}") = "HL7SoupEncryptionActivities", "HL7SoupEncryptionActivities\HL7SoupEncryptionActivities\HL7SoupEncryptionActivities.csproj", "{E1339098-8548-4BAC-9465-36123F096972}"
EndProject
Project("{930C7802-8A8C-48F9-8165-68863BCCD9DD}") = "Setup.EncryptionActivities", "Setup.EncryptionActivities\Setup.EncryptionActivities.wixproj", "{C1E4E99B-2A43-4490-820B-364F3CF37426}"
EndProject
Global
	GlobalSection(SolutionConfigurationPlatforms) = preSolution
		Azure|Any CPU = Azure|Any CPU
		Azure|x64 = Azure|x64
		Azure|x86 = Azure|x86
		Debug|Any CPU = Debug|Any CPU
		Debug|x64 = Debug|x64
		Debug|x86 = Debug|x86
		Release|Any CPU = Release|Any CPU
		Release|x64 = Release|x64
		Release|x86 = Release|x86
	EndGlobalSection
	GlobalSection(ProjectConfigurationPlatforms) = postSolution
		{6E6B1589-2A81-4332-AA2B-250FC32C66EA}.Azure|Any CPU.ActiveCfg = Release|Any CPU
		{6E6B1589-2A81-4332-AA2B-250FC32C66EA}.Azure|Any CPU.Build.0 = Release|Any CPU
		{6E6B1589-2A81-4332-AA2B-250FC32C66EA}.Azure|x64.ActiveCfg = Azure|Any CPU
		{6E6B1589-2A81-4332-AA2B-250FC32C66EA}.Azure|x64.Build.0 = Azure|Any CPU
		{6E6B1589-2A81-4332-AA2B-250FC32C66EA}.Azure|x86.ActiveCfg = Azure|Any CPU
		{6E6B1589-2A81-4332-AA2B-250FC32C66EA}.Azure|x86.Build.0 = Azure|Any CPU
		{6E6B1589-2A81-4332-AA2B-250FC32C66EA}.Debug|Any CPU.ActiveCfg = Debug|Any CPU
		{6E6B1589-2A81-4332-AA2B-250FC32C66EA}.Debug|Any CPU.Build.0 = Debug|Any CPU
		{6E6B1589-2A81-4332-AA2B-250FC32C66EA}.Debug|x64.ActiveCfg = Debug|Any CPU
		{6E6B1589-2A81-4332-AA2B-250FC32C66EA}.Debug|x64.Build.0 = Debug|Any CPU
		{6E6B1589-2A81-4332-AA2B-250FC32C66EA}.Debug|x86.ActiveCfg = Debug|Any CPU
		{6E6B1589-2A81-4332-AA2B-250FC32C66EA}.Debug|x86.Build.0 = Debug|Any CPU
		{6E6B1589-2A81-4332-AA2B-250FC32C66EA}.Release|Any CPU.ActiveCfg = Release|Any CPU
		{6E6B1589-2A81-4332-AA2B-250FC32C66EA}.Release|Any CPU.Build.0 = Release|Any CPU
		{6E6B1589-2A81-4332-AA2B-250FC32C66EA}.Release|x64.ActiveCfg = Release|Any CPU
		{6E6B1589-2A81-4332-AA2B-250FC32C66EA}.Release|x64.Build.0 = Release|Any CPU
		{6E6B1589-2A81-4332-AA2B-250FC32C66EA}.Release|x86.ActiveCfg = Release|Any CPU
		{6E6B1589-2A81-4332-AA2B-250FC32C66EA}.Release|x86.Build.0 = Release|Any CPU
		{9B4222AE-2895-45B0-88CE-2299BF2ABF79}.Azure|Any CPU.ActiveCfg = Debug|Any CPU
		{9B4222AE-2895-45B0-88CE-2299BF2ABF79}.Azure|Any CPU.Build.0 = Debug|Any CPU
		{9B4222AE-2895-45B0-88CE-2299BF2ABF79}.Azure|x64.ActiveCfg = Azure|Any CPU
		{9B4222AE-2895-45B0-88CE-2299BF2ABF79}.Azure|x64.Build.0 = Azure|Any CPU
		{9B4222AE-2895-45B0-88CE-2299BF2ABF79}.Azure|x86.ActiveCfg = Azure|Any CPU
		{9B4222AE-2895-45B0-88CE-2299BF2ABF79}.Azure|x86.Build.0 = Azure|Any CPU
		{9B4222AE-2895-45B0-88CE-2299BF2ABF79}.Debug|Any CPU.ActiveCfg = Debug|Any CPU
		{9B4222AE-2895-45B0-88CE-2299BF2ABF79}.Debug|Any CPU.Build.0 = Debug|Any CPU
		{9B4222AE-2895-45B0-88CE-2299BF2ABF79}.Debug|x64.ActiveCfg = Debug|Any CPU
		{9B4222AE-2895-45B0-88CE-2299BF2ABF79}.Debug|x64.Build.0 = Debug|Any CPU
		{9B4222AE-2895-45B0-88CE-2299BF2ABF79}.Debug|x86.ActiveCfg = Debug|Any CPU
		{9B4222AE-2895-45B0-88CE-2299BF2ABF79}.Debug|x86.Build.0 = Debug|Any CPU
		{9B4222AE-2895-45B0-88CE-2299BF2ABF79}.Release|Any CPU.ActiveCfg = Release|Any CPU
		{9B4222AE-2895-45B0-88CE-2299BF2ABF79}.Release|Any CPU.Build.0 = Release|Any CPU
		{9B4222AE-2895-45B0-88CE-2299BF2ABF79}.Release|x64.ActiveCfg = Release|Any CPU
		{9B4222AE-2895-45B0-88CE-2299BF2ABF79}.Release|x64.Build.0 = Release|Any CPU
		{9B4222AE-2895-45B0-88CE-2299BF2ABF79}.Release|x86.ActiveCfg = Release|Any CPU
		{9B4222AE-2895-45B0-88CE-2299BF2ABF79}.Release|x86.Build.0 = Release|Any CPU
		{0F8088CF-70A2-4D7E-B442-B4135E8633A6}.Azure|Any CPU.ActiveCfg = Debug|Any CPU
		{0F8088CF-70A2-4D7E-B442-B4135E8633A6}.Azure|Any CPU.Build.0 = Debug|Any CPU
		{0F8088CF-70A2-4D7E-B442-B4135E8633A6}.Azure|x64.ActiveCfg = Azure|Any CPU
		{0F8088CF-70A2-4D7E-B442-B4135E8633A6}.Azure|x64.Build.0 = Azure|Any CPU
		{0F8088CF-70A2-4D7E-B442-B4135E8633A6}.Azure|x86.ActiveCfg = Azure|Any CPU
		{0F8088CF-70A2-4D7E-B442-B4135E8633A6}.Azure|x86.Build.0 = Azure|Any CPU
		{0F8088CF-70A2-4D7E-B442-B4135E8633A6}.Debug|Any CPU.ActiveCfg = Debug|Any CPU
		{0F8088CF-70A2-4D7E-B442-B4135E8633A6}.Debug|Any CPU.Build.0 = Debug|Any CPU
		{0F8088CF-70A2-4D7E-B442-B4135E8633A6}.Debug|x64.ActiveCfg = Debug|Any CPU
		{0F8088CF-70A2-4D7E-B442-B4135E8633A6}.Debug|x64.Build.0 = Debug|Any CPU
		{0F8088CF-70A2-4D7E-B442-B4135E8633A6}.Debug|x86.ActiveCfg = Debug|Any CPU
		{0F8088CF-70A2-4D7E-B442-B4135E8633A6}.Debug|x86.Build.0 = Debug|Any CPU
		{0F8088CF-70A2-4D7E-B442-B4135E8633A6}.Release|Any CPU.ActiveCfg = Release|Any CPU
		{0F8088CF-70A2-4D7E-B442-B4135E8633A6}.Release|Any CPU.Build.0 = Release|Any CPU
		{0F8088CF-70A2-4D7E-B442-B4135E8633A6}.Release|x64.ActiveCfg = Release|Any CPU
		{0F8088CF-70A2-4D7E-B442-B4135E8633A6}.Release|x64.Build.0 = Release|Any CPU
		{0F8088CF-70A2-4D7E-B442-B4135E8633A6}.Release|x86.ActiveCfg = Release|Any CPU
		{0F8088CF-70A2-4D7E-B442-B4135E8633A6}.Release|x86.Build.0 = Release|Any CPU
		{6F70DE07-CDAA-43E8-9525-DB90CEC372D4}.Azure|Any CPU.ActiveCfg = Azure|Any CPU
		{6F70DE07-CDAA-43E8-9525-DB90CEC372D4}.Azure|Any CPU.Build.0 = Azure|Any CPU
		{6F70DE07-CDAA-43E8-9525-DB90CEC372D4}.Azure|x64.ActiveCfg = Azure|Any CPU
		{6F70DE07-CDAA-43E8-9525-DB90CEC372D4}.Azure|x64.Build.0 = Azure|Any CPU
		{6F70DE07-CDAA-43E8-9525-DB90CEC372D4}.Azure|x86.ActiveCfg = Azure|Any CPU
		{6F70DE07-CDAA-43E8-9525-DB90CEC372D4}.Azure|x86.Build.0 = Azure|Any CPU
		{6F70DE07-CDAA-43E8-9525-DB90CEC372D4}.Debug|Any CPU.ActiveCfg = Debug|Any CPU
		{6F70DE07-CDAA-43E8-9525-DB90CEC372D4}.Debug|Any CPU.Build.0 = Debug|Any CPU
		{6F70DE07-CDAA-43E8-9525-DB90CEC372D4}.Debug|x64.ActiveCfg = Debug|Any CPU
		{6F70DE07-CDAA-43E8-9525-DB90CEC372D4}.Debug|x64.Build.0 = Debug|Any CPU
		{6F70DE07-CDAA-43E8-9525-DB90CEC372D4}.Debug|x86.ActiveCfg = Debug|Any CPU
		{6F70DE07-CDAA-43E8-9525-DB90CEC372D4}.Debug|x86.Build.0 = Debug|Any CPU
		{6F70DE07-CDAA-43E8-9525-DB90CEC372D4}.Release|Any CPU.ActiveCfg = Release|Any CPU
		{6F70DE07-CDAA-43E8-9525-DB90CEC372D4}.Release|Any CPU.Build.0 = Release|Any CPU
		{6F70DE07-CDAA-43E8-9525-DB90CEC372D4}.Release|x64.ActiveCfg = Release|Any CPU
		{6F70DE07-CDAA-43E8-9525-DB90CEC372D4}.Release|x64.Build.0 = Release|Any CPU
		{6F70DE07-CDAA-43E8-9525-DB90CEC372D4}.Release|x86.ActiveCfg = Release|Any CPU
		{6F70DE07-CDAA-43E8-9525-DB90CEC372D4}.Release|x86.Build.0 = Release|Any CPU
		{CBB17AA0-C567-4216-8C07-A5FADAAD60D7}.Azure|Any CPU.ActiveCfg = Debug|Any CPU
		{CBB17AA0-C567-4216-8C07-A5FADAAD60D7}.Azure|Any CPU.Build.0 = Debug|Any CPU
		{CBB17AA0-C567-4216-8C07-A5FADAAD60D7}.Azure|x64.ActiveCfg = Debug|Any CPU
		{CBB17AA0-C567-4216-8C07-A5FADAAD60D7}.Azure|x64.Build.0 = Debug|Any CPU
		{CBB17AA0-C567-4216-8C07-A5FADAAD60D7}.Azure|x86.ActiveCfg = Debug|Any CPU
		{CBB17AA0-C567-4216-8C07-A5FADAAD60D7}.Azure|x86.Build.0 = Debug|Any CPU
		{CBB17AA0-C567-4216-8C07-A5FADAAD60D7}.Debug|Any CPU.ActiveCfg = Debug|Any CPU
		{CBB17AA0-C567-4216-8C07-A5FADAAD60D7}.Debug|Any CPU.Build.0 = Debug|Any CPU
		{CBB17AA0-C567-4216-8C07-A5FADAAD60D7}.Debug|x64.ActiveCfg = Debug|Any CPU
		{CBB17AA0-C567-4216-8C07-A5FADAAD60D7}.Debug|x64.Build.0 = Debug|Any CPU
		{CBB17AA0-C567-4216-8C07-A5FADAAD60D7}.Debug|x86.ActiveCfg = Debug|Any CPU
		{CBB17AA0-C567-4216-8C07-A5FADAAD60D7}.Debug|x86.Build.0 = Debug|Any CPU
		{CBB17AA0-C567-4216-8C07-A5FADAAD60D7}.Release|Any CPU.ActiveCfg = Release|Any CPU
		{CBB17AA0-C567-4216-8C07-A5FADAAD60D7}.Release|Any CPU.Build.0 = Release|Any CPU
		{CBB17AA0-C567-4216-8C07-A5FADAAD60D7}.Release|x64.ActiveCfg = Release|Any CPU
		{CBB17AA0-C567-4216-8C07-A5FADAAD60D7}.Release|x64.Build.0 = Release|Any CPU
		{CBB17AA0-C567-4216-8C07-A5FADAAD60D7}.Release|x86.ActiveCfg = Release|Any CPU
		{CBB17AA0-C567-4216-8C07-A5FADAAD60D7}.Release|x86.Build.0 = Release|Any CPU
		{A9082E82-6C84-41A1-9B77-E73E3FD0AC56}.Azure|Any CPU.ActiveCfg = Debug|Any CPU
		{A9082E82-6C84-41A1-9B77-E73E3FD0AC56}.Azure|Any CPU.Build.0 = Debug|Any CPU
		{A9082E82-6C84-41A1-9B77-E73E3FD0AC56}.Azure|x64.ActiveCfg = Debug|Any CPU
		{A9082E82-6C84-41A1-9B77-E73E3FD0AC56}.Azure|x64.Build.0 = Debug|Any CPU
		{A9082E82-6C84-41A1-9B77-E73E3FD0AC56}.Azure|x86.ActiveCfg = Debug|Any CPU
		{A9082E82-6C84-41A1-9B77-E73E3FD0AC56}.Azure|x86.Build.0 = Debug|Any CPU
		{A9082E82-6C84-41A1-9B77-E73E3FD0AC56}.Debug|Any CPU.ActiveCfg = Debug|Any CPU
		{A9082E82-6C84-41A1-9B77-E73E3FD0AC56}.Debug|Any CPU.Build.0 = Debug|Any CPU
		{A9082E82-6C84-41A1-9B77-E73E3FD0AC56}.Debug|x64.ActiveCfg = Debug|Any CPU
		{A9082E82-6C84-41A1-9B77-E73E3FD0AC56}.Debug|x64.Build.0 = Debug|Any CPU
		{A9082E82-6C84-41A1-9B77-E73E3FD0AC56}.Debug|x86.ActiveCfg = Debug|Any CPU
		{A9082E82-6C84-41A1-9B77-E73E3FD0AC56}.Debug|x86.Build.0 = Debug|Any CPU
		{A9082E82-6C84-41A1-9B77-E73E3FD0AC56}.Release|Any CPU.ActiveCfg = Release|Any CPU
		{A9082E82-6C84-41A1-9B77-E73E3FD0AC56}.Release|Any CPU.Build.0 = Release|Any CPU
		{A9082E82-6C84-41A1-9B77-E73E3FD0AC56}.Release|x64.ActiveCfg = Release|Any CPU
		{A9082E82-6C84-41A1-9B77-E73E3FD0AC56}.Release|x64.Build.0 = Release|Any CPU
		{A9082E82-6C84-41A1-9B77-E73E3FD0AC56}.Release|x86.ActiveCfg = Release|Any CPU
		{A9082E82-6C84-41A1-9B77-E73E3FD0AC56}.Release|x86.Build.0 = Release|Any CPU
		{F7AA3481-8A05-4A7A-BE6C-3D67DF95E6F2}.Azure|Any CPU.ActiveCfg = Debug|Any CPU
		{F7AA3481-8A05-4A7A-BE6C-3D67DF95E6F2}.Azure|Any CPU.Build.0 = Debug|Any CPU
		{F7AA3481-8A05-4A7A-BE6C-3D67DF95E6F2}.Azure|x64.ActiveCfg = Debug|Any CPU
		{F7AA3481-8A05-4A7A-BE6C-3D67DF95E6F2}.Azure|x64.Build.0 = Debug|Any CPU
		{F7AA3481-8A05-4A7A-BE6C-3D67DF95E6F2}.Azure|x86.ActiveCfg = Debug|Any CPU
		{F7AA3481-8A05-4A7A-BE6C-3D67DF95E6F2}.Azure|x86.Build.0 = Debug|Any CPU
		{F7AA3481-8A05-4A7A-BE6C-3D67DF95E6F2}.Debug|Any CPU.ActiveCfg = Debug|Any CPU
		{F7AA3481-8A05-4A7A-BE6C-3D67DF95E6F2}.Debug|Any CPU.Build.0 = Debug|Any CPU
		{F7AA3481-8A05-4A7A-BE6C-3D67DF95E6F2}.Debug|x64.ActiveCfg = Debug|Any CPU
		{F7AA3481-8A05-4A7A-BE6C-3D67DF95E6F2}.Debug|x64.Build.0 = Debug|Any CPU
		{F7AA3481-8A05-4A7A-BE6C-3D67DF95E6F2}.Debug|x86.ActiveCfg = Debug|Any CPU
		{F7AA3481-8A05-4A7A-BE6C-3D67DF95E6F2}.Debug|x86.Build.0 = Debug|Any CPU
		{F7AA3481-8A05-4A7A-BE6C-3D67DF95E6F2}.Release|Any CPU.ActiveCfg = Release|Any CPU
		{F7AA3481-8A05-4A7A-BE6C-3D67DF95E6F2}.Release|Any CPU.Build.0 = Release|Any CPU
		{F7AA3481-8A05-4A7A-BE6C-3D67DF95E6F2}.Release|x64.ActiveCfg = Release|Any CPU
		{F7AA3481-8A05-4A7A-BE6C-3D67DF95E6F2}.Release|x64.Build.0 = Release|Any CPU
		{F7AA3481-8A05-4A7A-BE6C-3D67DF95E6F2}.Release|x86.ActiveCfg = Release|Any CPU
		{F7AA3481-8A05-4A7A-BE6C-3D67DF95E6F2}.Release|x86.Build.0 = Release|Any CPU
		{368D1523-DF37-4DCF-B1F1-3075BA794850}.Azure|Any CPU.ActiveCfg = Debug|Any CPU
		{368D1523-DF37-4DCF-B1F1-3075BA794850}.Azure|x64.ActiveCfg = Debug|Any CPU
		{368D1523-DF37-4DCF-B1F1-3075BA794850}.Azure|x86.ActiveCfg = Debug|Any CPU
		{368D1523-DF37-4DCF-B1F1-3075BA794850}.Debug|Any CPU.ActiveCfg = Debug|Any CPU
		{368D1523-DF37-4DCF-B1F1-3075BA794850}.Debug|x64.ActiveCfg = Debug|Any CPU
		{368D1523-DF37-4DCF-B1F1-3075BA794850}.Debug|x86.ActiveCfg = Debug|Any CPU
		{368D1523-DF37-4DCF-B1F1-3075BA794850}.Release|Any CPU.ActiveCfg = Release|Any CPU
		{368D1523-DF37-4DCF-B1F1-3075BA794850}.Release|x64.ActiveCfg = Release|Any CPU
		{368D1523-DF37-4DCF-B1F1-3075BA794850}.Release|x86.ActiveCfg = Release|Any CPU
		{65EFA6BB-BCE7-4A97-A058-D3728241A5D7}.Azure|Any CPU.ActiveCfg = Debug|Any CPU
		{65EFA6BB-BCE7-4A97-A058-D3728241A5D7}.Azure|x64.ActiveCfg = Debug|Any CPU
		{65EFA6BB-BCE7-4A97-A058-D3728241A5D7}.Azure|x86.ActiveCfg = Debug|Any CPU
		{65EFA6BB-BCE7-4A97-A058-D3728241A5D7}.Debug|Any CPU.ActiveCfg = Debug|Any CPU
		{65EFA6BB-BCE7-4A97-A058-D3728241A5D7}.Debug|x64.ActiveCfg = Debug|Any CPU
		{65EFA6BB-BCE7-4A97-A058-D3728241A5D7}.Debug|x86.ActiveCfg = Debug|Any CPU
		{65EFA6BB-BCE7-4A97-A058-D3728241A5D7}.Release|Any CPU.ActiveCfg = Release|Any CPU
		{65EFA6BB-BCE7-4A97-A058-D3728241A5D7}.Release|x64.ActiveCfg = Release|Any CPU
		{65EFA6BB-BCE7-4A97-A058-D3728241A5D7}.Release|x86.ActiveCfg = Release|Any CPU
		{80359039-54A5-4619-8835-044EBC22173E}.Azure|Any CPU.ActiveCfg = Debug|Any CPU
		{80359039-54A5-4619-8835-044EBC22173E}.Azure|x64.ActiveCfg = Debug|Any CPU
		{80359039-54A5-4619-8835-044EBC22173E}.Azure|x86.ActiveCfg = Debug|Any CPU
		{80359039-54A5-4619-8835-044EBC22173E}.Debug|Any CPU.ActiveCfg = Debug|Any CPU
		{80359039-54A5-4619-8835-044EBC22173E}.Debug|x64.ActiveCfg = Debug|Any CPU
		{80359039-54A5-4619-8835-044EBC22173E}.Debug|x86.ActiveCfg = Debug|Any CPU
		{80359039-54A5-4619-8835-044EBC22173E}.Release|Any CPU.ActiveCfg = Release|Any CPU
		{80359039-54A5-4619-8835-044EBC22173E}.Release|x64.ActiveCfg = Release|Any CPU
		{80359039-54A5-4619-8835-044EBC22173E}.Release|x86.ActiveCfg = Release|Any CPU
		{E1339098-8548-4BAC-9465-36123F096972}.Azure|Any CPU.ActiveCfg = Debug|Any CPU
		{E1339098-8548-4BAC-9465-36123F096972}.Azure|Any CPU.Build.0 = Debug|Any CPU
		{E1339098-8548-4BAC-9465-36123F096972}.Azure|x64.ActiveCfg = Debug|Any CPU
		{E1339098-8548-4BAC-9465-36123F096972}.Azure|x64.Build.0 = Debug|Any CPU
		{E1339098-8548-4BAC-9465-36123F096972}.Azure|x86.ActiveCfg = Debug|Any CPU
		{E1339098-8548-4BAC-9465-36123F096972}.Azure|x86.Build.0 = Debug|Any CPU
		{E1339098-8548-4BAC-9465-36123F096972}.Debug|Any CPU.ActiveCfg = Debug|Any CPU
		{E1339098-8548-4BAC-9465-36123F096972}.Debug|Any CPU.Build.0 = Debug|Any CPU
		{E1339098-8548-4BAC-9465-36123F096972}.Debug|x64.ActiveCfg = Debug|Any CPU
		{E1339098-8548-4BAC-9465-36123F096972}.Debug|x64.Build.0 = Debug|Any CPU
		{E1339098-8548-4BAC-9465-36123F096972}.Debug|x86.ActiveCfg = Debug|Any CPU
		{E1339098-8548-4BAC-9465-36123F096972}.Debug|x86.Build.0 = Debug|Any CPU
		{E1339098-8548-4BAC-9465-36123F096972}.Release|Any CPU.ActiveCfg = Release|Any CPU
		{E1339098-8548-4BAC-9465-36123F096972}.Release|Any CPU.Build.0 = Release|Any CPU
		{E1339098-8548-4BAC-9465-36123F096972}.Release|x64.ActiveCfg = Release|Any CPU
		{E1339098-8548-4BAC-9465-36123F096972}.Release|x64.Build.0 = Release|Any CPU
		{E1339098-8548-4BAC-9465-36123F096972}.Release|x86.ActiveCfg = Release|Any CPU
		{E1339098-8548-4BAC-9465-36123F096972}.Release|x86.Build.0 = Release|Any CPU
		{C1E4E99B-2A43-4490-820B-364F3CF37426}.Azure|Any CPU.ActiveCfg = Debug|Any CPU
		{C1E4E99B-2A43-4490-820B-364F3CF37426}.Azure|x64.ActiveCfg = Debug|Any CPU
		{C1E4E99B-2A43-4490-820B-364F3CF37426}.Azure|x86.ActiveCfg = Debug|Any CPU
		{C1E4E99B-2A43-4490-820B-364F3CF37426}.Debug|Any CPU.ActiveCfg = Debug|Any CPU
		{C1E4E99B-2A43-4490-820B-364F3CF37426}.Debug|x64.ActiveCfg = Debug|Any CPU
		{C1E4E99B-2A43-4490-820B-364F3CF37426}.Debug|x86.ActiveCfg = Debug|Any CPU
		{C1E4E99B-2A43-4490-820B-364F3CF37426}.Release|Any CPU.ActiveCfg = Release|Any CPU
		{C1E4E99B-2A43-4490-820B-364F3CF37426}.Release|x64.ActiveCfg = Release|Any CPU
		{C1E4E99B-2A43-4490-820B-364F3CF37426}.Release|x86.ActiveCfg = Release|Any CPU
	EndGlobalSection
	GlobalSection(SolutionProperties) = preSolution
		HideSolutionNode = FALSE
	EndGlobalSection
	GlobalSection(NestedProjects) = preSolution
		{E1339098-8548-4BAC-9465-36123F096972} = {55FAA7EB-ADFE-6087-9533-37271134C02C}
		{C1E4E99B-2A43-4490-820B-364F3CF37426} = {55FAA7EB-ADFE-6087-9533-37271134C02C}
	EndGlobalSection
	GlobalSection(ExtensibilityGlobals) = postSolution
		SolutionGuid = {81BA12AB-4C68-43AC-8FA7-F361C0C524EB}
	EndGlobalSection
EndGlobal
